
Microsoft Visual Studio Solution File, Format Version 12.00
# Visual Studio Version 17
VisualStudioVersion = 17.0.31903.59
MinimumVisualStudioVersion = 10.0.40219.1
Project("{2150E333-8FDC-42A3-9474-1A3956D46DE8}") = "src", "src", "{827E0CD3-B72D-47B6-A68D-7590B98EB39B}"
EndProject
Project("{FAE04EC0-301F-11D3-BF4B-00C04F79EFBC}") = "RubiksCube.Domain", "src\RubiksCube.Domain\RubiksCube.Domain.csproj", "{2B6B0B45-FFAC-4BE5-BBE9-7E6A12039FC0}"
EndProject
Project("{FAE04EC0-301F-11D3-BF4B-00C04F79EFBC}") = "RubiksCube.Application", "src\RubiksCube.Application\RubiksCube.Application.csproj", "{AC4DAB68-25F4-4F50-A34C-ECBA0F192F6E}"
EndProject
Project("{FAE04EC0-301F-11D3-BF4B-00C04F79EFBC}") = "RubiksCube.Infrastructure", "src\RubiksCube.Infrastructure\RubiksCube.Infrastructure.csproj", "{F955CED3-1E87-4CE9-BA19-C4443BBB16B8}"
EndProject
Project("{FAE04EC0-301F-11D3-BF4B-00C04F79EFBC}") = "RubiksCube.Console", "src\RubiksCube.Console\RubiksCube.Console.csproj", "{8DE654CB-C7A5-4895-9D29-1502691AD214}"
EndProject
Project("{FAE04EC0-301F-11D3-BF4B-00C04F79EFBC}") = "RubiksCube.Domain.Tests", "tests\RubiksCube.Domain.Tests\RubiksCube.Domain.Tests.csproj", "{42DE18FD-0F9B-4EA7-98A1-CFA19AFBF14B}"
EndProject
Project("{FAE04EC0-301F-11D3-BF4B-00C04F79EFBC}") = "RubiksCube.Application.Tests", "tests\RubiksCube.Application.Tests\RubiksCube.Application.Tests.csproj", "{B262343C-CD61-4CF7-AE7B-6CDABD6E4934}"
EndProject
Project("{FAE04EC0-301F-11D3-BF4B-00C04F79EFBC}") = "RubiksCube.Api", "src\RubiksCube.Api\RubiksCube.Api.csproj", "{C93E00F0-8F3A-4A3D-89B9-86FC1B4F9F51}"
EndProject
Project("{FAE04EC0-301F-11D3-BF4B-00C04F79EFBC}") = "RubiksCube.Api.Tests", "tests\RubiksCube.Api.Tests\RubiksCube.Api.Tests.csproj", "{358B4D96-309C-4358-8F18-E444DABF13A5}"
EndProject
Project("{2150E333-8FDC-42A3-9474-1A3956D46DE8}") = "tests", "tests", "{0AB3BF05-4346-4AA6-1389-037BE0695223}"
EndProject
Project("{FAE04EC0-301F-11D3-BF4B-00C04F79EFBC}") = "RubiksCube.Infrastructure.Tests", "tests\RubiksCube.Infrastructure.Tests\RubiksCube.Infrastructure.Tests.csproj", "{A48730ED-E434-421C-BD7B-9CC1BEEB59DF}"
EndProject
Global
	GlobalSection(SolutionConfigurationPlatforms) = preSolution
		Debug|Any CPU = Debug|Any CPU
		Debug|x64 = Debug|x64
		Debug|x86 = Debug|x86
		Release|Any CPU = Release|Any CPU
		Release|x64 = Release|x64
		Release|x86 = Release|x86
	EndGlobalSection
	GlobalSection(ProjectConfigurationPlatforms) = postSolution
		{2B6B0B45-FFAC-4BE5-BBE9-7E6A12039FC0}.Debug|Any CPU.ActiveCfg = Debug|Any CPU
		{2B6B0B45-FFAC-4BE5-BBE9-7E6A12039FC0}.Debug|Any CPU.Build.0 = Debug|Any CPU
		{2B6B0B45-FFAC-4BE5-BBE9-7E6A12039FC0}.Debug|x64.ActiveCfg = Debug|Any CPU
		{2B6B0B45-FFAC-4BE5-BBE9-7E6A12039FC0}.Debug|x64.Build.0 = Debug|Any CPU
		{2B6B0B45-FFAC-4BE5-BBE9-7E6A12039FC0}.Debug|x86.ActiveCfg = Debug|Any CPU
		{2B6B0B45-FFAC-4BE5-BBE9-7E6A12039FC0}.Debug|x86.Build.0 = Debug|Any CPU
		{2B6B0B45-FFAC-4BE5-BBE9-7E6A12039FC0}.Release|Any CPU.ActiveCfg = Release|Any CPU
		{2B6B0B45-FFAC-4BE5-BBE9-7E6A12039FC0}.Release|Any CPU.Build.0 = Release|Any CPU
		{2B6B0B45-FFAC-4BE5-BBE9-7E6A12039FC0}.Release|x64.ActiveCfg = Release|Any CPU
		{2B6B0B45-FFAC-4BE5-BBE9-7E6A12039FC0}.Release|x64.Build.0 = Release|Any CPU
		{2B6B0B45-FFAC-4BE5-BBE9-7E6A12039FC0}.Release|x86.ActiveCfg = Release|Any CPU
		{2B6B0B45-FFAC-4BE5-BBE9-7E6A12039FC0}.Release|x86.Build.0 = Release|Any CPU
		{AC4DAB68-25F4-4F50-A34C-ECBA0F192F6E}.Debug|Any CPU.ActiveCfg = Debug|Any CPU
		{AC4DAB68-25F4-4F50-A34C-ECBA0F192F6E}.Debug|Any CPU.Build.0 = Debug|Any CPU
		{AC4DAB68-25F4-4F50-A34C-ECBA0F192F6E}.Debug|x64.ActiveCfg = Debug|Any CPU
		{AC4DAB68-25F4-4F50-A34C-ECBA0F192F6E}.Debug|x64.Build.0 = Debug|Any CPU
		{AC4DAB68-25F4-4F50-A34C-ECBA0F192F6E}.Debug|x86.ActiveCfg = Debug|Any CPU
		{AC4DAB68-25F4-4F50-A34C-ECBA0F192F6E}.Debug|x86.Build.0 = Debug|Any CPU
		{AC4DAB68-25F4-4F50-A34C-ECBA0F192F6E}.Release|Any CPU.ActiveCfg = Release|Any CPU
		{AC4DAB68-25F4-4F50-A34C-ECBA0F192F6E}.Release|Any CPU.Build.0 = Release|Any CPU
		{AC4DAB68-25F4-4F50-A34C-ECBA0F192F6E}.Release|x64.ActiveCfg = Release|Any CPU
		{AC4DAB68-25F4-4F50-A34C-ECBA0F192F6E}.Release|x64.Build.0 = Release|Any CPU
		{AC4DAB68-25F4-4F50-A34C-ECBA0F192F6E}.Release|x86.ActiveCfg = Release|Any CPU
		{AC4DAB68-25F4-4F50-A34C-ECBA0F192F6E}.Release|x86.Build.0 = Release|Any CPU
		{F955CED3-1E87-4CE9-BA19-C4443BBB16B8}.Debug|Any CPU.ActiveCfg = Debug|Any CPU
		{F955CED3-1E87-4CE9-BA19-C4443BBB16B8}.Debug|Any CPU.Build.0 = Debug|Any CPU
		{F955CED3-1E87-4CE9-BA19-C4443BBB16B8}.Debug|x64.ActiveCfg = Debug|Any CPU
		{F955CED3-1E87-4CE9-BA19-C4443BBB16B8}.Debug|x64.Build.0 = Debug|Any CPU
		{F955CED3-1E87-4CE9-BA19-C4443BBB16B8}.Debug|x86.ActiveCfg = Debug|Any CPU
		{F955CED3-1E87-4CE9-BA19-C4443BBB16B8}.Debug|x86.Build.0 = Debug|Any CPU
		{F955CED3-1E87-4CE9-BA19-C4443BBB16B8}.Release|Any CPU.ActiveCfg = Release|Any CPU
		{F955CED3-1E87-4CE9-BA19-C4443BBB16B8}.Release|Any CPU.Build.0 = Release|Any CPU
		{F955CED3-1E87-4CE9-BA19-C4443BBB16B8}.Release|x64.ActiveCfg = Release|Any CPU
		{F955CED3-1E87-4CE9-BA19-C4443BBB16B8}.Release|x64.Build.0 = Release|Any CPU
		{F955CED3-1E87-4CE9-BA19-C4443BBB16B8}.Release|x86.ActiveCfg = Release|Any CPU
		{F955CED3-1E87-4CE9-BA19-C4443BBB16B8}.Release|x86.Build.0 = Release|Any CPU
		{8DE654CB-C7A5-4895-9D29-1502691AD214}.Debug|Any CPU.ActiveCfg = Debug|Any CPU
		{8DE654CB-C7A5-4895-9D29-1502691AD214}.Debug|Any CPU.Build.0 = Debug|Any CPU
		{8DE654CB-C7A5-4895-9D29-1502691AD214}.Debug|x64.ActiveCfg = Debug|Any CPU
		{8DE654CB-C7A5-4895-9D29-1502691AD214}.Debug|x64.Build.0 = Debug|Any CPU
		{8DE654CB-C7A5-4895-9D29-1502691AD214}.Debug|x86.ActiveCfg = Debug|Any CPU
		{8DE654CB-C7A5-4895-9D29-1502691AD214}.Debug|x86.Build.0 = Debug|Any CPU
		{8DE654CB-C7A5-4895-9D29-1502691AD214}.Release|Any CPU.ActiveCfg = Release|Any CPU
		{8DE654CB-C7A5-4895-9D29-1502691AD214}.Release|Any CPU.Build.0 = Release|Any CPU
		{8DE654CB-C7A5-4895-9D29-1502691AD214}.Release|x64.ActiveCfg = Release|Any CPU
		{8DE654CB-C7A5-4895-9D29-1502691AD214}.Release|x64.Build.0 = Release|Any CPU
		{8DE654CB-C7A5-4895-9D29-1502691AD214}.Release|x86.ActiveCfg = Release|Any CPU
		{8DE654CB-C7A5-4895-9D29-1502691AD214}.Release|x86.Build.0 = Release|Any CPU
		{42DE18FD-0F9B-4EA7-98A1-CFA19AFBF14B}.Debug|Any CPU.ActiveCfg = Debug|Any CPU
		{42DE18FD-0F9B-4EA7-98A1-CFA19AFBF14B}.Debug|Any CPU.Build.0 = Debug|Any CPU
		{42DE18FD-0F9B-4EA7-98A1-CFA19AFBF14B}.Debug|x64.ActiveCfg = Debug|Any CPU
		{42DE18FD-0F9B-4EA7-98A1-CFA19AFBF14B}.Debug|x64.Build.0 = Debug|Any CPU
		{42DE18FD-0F9B-4EA7-98A1-CFA19AFBF14B}.Debug|x86.ActiveCfg = Debug|Any CPU
		{42DE18FD-0F9B-4EA7-98A1-CFA19AFBF14B}.Debug|x86.Build.0 = Debug|Any CPU
		{42DE18FD-0F9B-4EA7-98A1-CFA19AFBF14B}.Release|Any CPU.ActiveCfg = Release|Any CPU
		{42DE18FD-0F9B-4EA7-98A1-CFA19AFBF14B}.Release|Any CPU.Build.0 = Release|Any CPU
		{42DE18FD-0F9B-4EA7-98A1-CFA19AFBF14B}.Release|x64.ActiveCfg = Release|Any CPU
		{42DE18FD-0F9B-4EA7-98A1-CFA19AFBF14B}.Release|x64.Build.0 = Release|Any CPU
		{42DE18FD-0F9B-4EA7-98A1-CFA19AFBF14B}.Release|x86.ActiveCfg = Release|Any CPU
		{42DE18FD-0F9B-4EA7-98A1-CFA19AFBF14B}.Release|x86.Build.0 = Release|Any CPU
		{B262343C-CD61-4CF7-AE7B-6CDABD6E4934}.Debug|Any CPU.ActiveCfg = Debug|Any CPU
		{B262343C-CD61-4CF7-AE7B-6CDABD6E4934}.Debug|Any CPU.Build.0 = Debug|Any CPU
		{B262343C-CD61-4CF7-AE7B-6CDABD6E4934}.Debug|x64.ActiveCfg = Debug|Any CPU
		{B262343C-CD61-4CF7-AE7B-6CDABD6E4934}.Debug|x64.Build.0 = Debug|Any CPU
		{B262343C-CD61-4CF7-AE7B-6CDABD6E4934}.Debug|x86.ActiveCfg = Debug|Any CPU
		{B262343C-CD61-4CF7-AE7B-6CDABD6E4934}.Debug|x86.Build.0 = Debug|Any CPU
		{B262343C-CD61-4CF7-AE7B-6CDABD6E4934}.Release|Any CPU.ActiveCfg = Release|Any CPU
		{B262343C-CD61-4CF7-AE7B-6CDABD6E4934}.Release|Any CPU.Build.0 = Release|Any CPU
		{B262343C-CD61-4CF7-AE7B-6CDABD6E4934}.Release|x64.ActiveCfg = Release|Any CPU
		{B262343C-CD61-4CF7-AE7B-6CDABD6E4934}.Release|x64.Build.0 = Release|Any CPU
		{B262343C-CD61-4CF7-AE7B-6CDABD6E4934}.Release|x86.ActiveCfg = Release|Any CPU
		{B262343C-CD61-4CF7-AE7B-6CDABD6E4934}.Release|x86.Build.0 = Release|Any CPU
		{C93E00F0-8F3A-4A3D-89B9-86FC1B4F9F51}.Debug|Any CPU.ActiveCfg = Debug|Any CPU
		{C93E00F0-8F3A-4A3D-89B9-86FC1B4F9F51}.Debug|Any CPU.Build.0 = Debug|Any CPU
		{C93E00F0-8F3A-4A3D-89B9-86FC1B4F9F51}.Debug|x64.ActiveCfg = Debug|Any CPU
		{C93E00F0-8F3A-4A3D-89B9-86FC1B4F9F51}.Debug|x64.Build.0 = Debug|Any CPU
		{C93E00F0-8F3A-4A3D-89B9-86FC1B4F9F51}.Debug|x86.ActiveCfg = Debug|Any CPU
		{C93E00F0-8F3A-4A3D-89B9-86FC1B4F9F51}.Debug|x86.Build.0 = Debug|Any CPU
		{C93E00F0-8F3A-4A3D-89B9-86FC1B4F9F51}.Release|Any CPU.ActiveCfg = Release|Any CPU
		{C93E00F0-8F3A-4A3D-89B9-86FC1B4F9F51}.Release|Any CPU.Build.0 = Release|Any CPU
		{C93E00F0-8F3A-4A3D-89B9-86FC1B4F9F51}.Release|x64.ActiveCfg = Release|Any CPU
		{C93E00F0-8F3A-4A3D-89B9-86FC1B4F9F51}.Release|x64.Build.0 = Release|Any CPU
		{C93E00F0-8F3A-4A3D-89B9-86FC1B4F9F51}.Release|x86.ActiveCfg = Release|Any CPU
		{C93E00F0-8F3A-4A3D-89B9-86FC1B4F9F51}.Release|x86.Build.0 = Release|Any CPU
		{358B4D96-309C-4358-8F18-E444DABF13A5}.Debug|Any CPU.ActiveCfg = Debug|Any CPU
		{358B4D96-309C-4358-8F18-E444DABF13A5}.Debug|Any CPU.Build.0 = Debug|Any CPU
		{358B4D96-309C-4358-8F18-E444DABF13A5}.Debug|x64.ActiveCfg = Debug|Any CPU
		{358B4D96-309C-4358-8F18-E444DABF13A5}.Debug|x64.Build.0 = Debug|Any CPU
		{358B4D96-309C-4358-8F18-E444DABF13A5}.Debug|x86.ActiveCfg = Debug|Any CPU
		{358B4D96-309C-4358-8F18-E444DABF13A5}.Debug|x86.Build.0 = Debug|Any CPU
		{358B4D96-309C-4358-8F18-E444DABF13A5}.Release|Any CPU.ActiveCfg = Release|Any CPU
		{358B4D96-309C-4358-8F18-E444DABF13A5}.Release|Any CPU.Build.0 = Release|Any CPU
		{358B4D96-309C-4358-8F18-E444DABF13A5}.Release|x64.ActiveCfg = Release|Any CPU
		{358B4D96-309C-4358-8F18-E444DABF13A5}.Release|x64.Build.0 = Release|Any CPU
		{358B4D96-309C-4358-8F18-E444DABF13A5}.Release|x86.ActiveCfg = Release|Any CPU
		{358B4D96-309C-4358-8F18-E444DABF13A5}.Release|x86.Build.0 = Release|Any CPU
		{A48730ED-E434-421C-BD7B-9CC1BEEB59DF}.Debug|Any CPU.ActiveCfg = Debug|Any CPU
		{A48730ED-E434-421C-BD7B-9CC1BEEB59DF}.Debug|Any CPU.Build.0 = Debug|Any CPU
		{A48730ED-E434-421C-BD7B-9CC1BEEB59DF}.Debug|x64.ActiveCfg = Debug|Any CPU
		{A48730ED-E434-421C-BD7B-9CC1BEEB59DF}.Debug|x64.Build.0 = Debug|Any CPU
		{A48730ED-E434-421C-BD7B-9CC1BEEB59DF}.Debug|x86.ActiveCfg = Debug|Any CPU
		{A48730ED-E434-421C-BD7B-9CC1BEEB59DF}.Debug|x86.Build.0 = Debug|Any CPU
		{A48730ED-E434-421C-BD7B-9CC1BEEB59DF}.Release|Any CPU.ActiveCfg = Release|Any CPU
		{A48730ED-E434-421C-BD7B-9CC1BEEB59DF}.Release|Any CPU.Build.0 = Release|Any CPU
		{A48730ED-E434-421C-BD7B-9CC1BEEB59DF}.Release|x64.ActiveCfg = Release|Any CPU
		{A48730ED-E434-421C-BD7B-9CC1BEEB59DF}.Release|x64.Build.0 = Release|Any CPU
		{A48730ED-E434-421C-BD7B-9CC1BEEB59DF}.Release|x86.ActiveCfg = Release|Any CPU
		{A48730ED-E434-421C-BD7B-9CC1BEEB59DF}.Release|x86.Build.0 = Release|Any CPU
	EndGlobalSection
	GlobalSection(SolutionProperties) = preSolution
		HideSolutionNode = FALSE
	EndGlobalSection
	GlobalSection(NestedProjects) = preSolution
		{2B6B0B45-FFAC-4BE5-BBE9-7E6A12039FC0} = {827E0CD3-B72D-47B6-A68D-7590B98EB39B}
		{AC4DAB68-25F4-4F50-A34C-ECBA0F192F6E} = {827E0CD3-B72D-47B6-A68D-7590B98EB39B}
		{F955CED3-1E87-4CE9-BA19-C4443BBB16B8} = {827E0CD3-B72D-47B6-A68D-7590B98EB39B}
		{8DE654CB-C7A5-4895-9D29-1502691AD214} = {827E0CD3-B72D-47B6-A68D-7590B98EB39B}
		{42DE18FD-0F9B-4EA7-98A1-CFA19AFBF14B} = {827E0CD3-B72D-47B6-A68D-7590B98EB39B}
		{B262343C-CD61-4CF7-AE7B-6CDABD6E4934} = {827E0CD3-B72D-47B6-A68D-7590B98EB39B}
		{C93E00F0-8F3A-4A3D-89B9-86FC1B4F9F51} = {827E0CD3-B72D-47B6-A68D-7590B98EB39B}
		{358B4D96-309C-4358-8F18-E444DABF13A5} = {827E0CD3-B72D-47B6-A68D-7590B98EB39B}
		{A48730ED-E434-421C-BD7B-9CC1BEEB59DF} = {0AB3BF05-4346-4AA6-1389-037BE0695223}
	EndGlobalSection
EndGlobal
